{
  "nodes": {
    "libxft-bgra": {
      "flake": false,
      "locked": {
        "lastModified": 1596814605,
        "narHash": "sha256-uYRdIcIGHvyohbwMU+Vx2ajTFfhN9jcBNlq0jOcg394=",
        "owner": "uditkarode",
        "repo": "libxft-bgra",
        "rev": "072cd202c0f4f757b32deac531586bc0429c8401",
        "type": "github"
      },
      "original": {
        "owner": "uditkarode",
        "repo": "libxft-bgra",
        "type": "github"
      }
    },
    "nixpkgs": {
      "locked": {
        "lastModified": 1629379651,
        "narHash": "sha256-k4WWTLqz3tYvCCVt9ANm3Ac7qR/qXi1Uk6Xf9RXO8VM=",
        "owner": "NixOS",
        "repo": "nixpkgs",
        "rev": "14b0f20fa1f56438b74100513c9b1f7c072cf789",
        "type": "github"
      },
      "original": {
        "id": "nixpkgs",
        "ref": "nixpkgs-unstable",
        "type": "indirect"
      }
    },
    "root": {
      "inputs": {
        "libxft-bgra": "libxft-bgra",
        "nixpkgs": "nixpkgs"
      }
    }
  },
  "root": "root",
  "version": 7
}
