{
  "nodes": {
    "code-stats-vim": {
      "flake": false,
      "locked": {
        "lastModified": 1588849519,
        "narHash": "sha256-Ab1AZoAn0Bp7GD+DQwHTf2n+G88jK+0eF9V0By7vFos=",
        "owner": "code-stats",
        "repo": "code-stats-vim",
        "rev": "fb545a1814dc0d001e185c8f1dde564f2f0ea358",
        "type": "gitlab"
      },
      "original": {
        "owner": "code-stats",
        "repo": "code-stats-vim",
        "type": "gitlab"
      }
    },
    "home-manager": {
      "inputs": {
        "nixpkgs": [
          "nixpkgs"
        ]
      },
      "locked": {
        "lastModified": 1629347633,
        "narHash": "sha256-FGZJ7lmTAMIkjdrh6dIPck5HuB4KMT2GgDV5ZjiCWoc=",
        "owner": "nix-community",
        "repo": "home-manager",
        "rev": "bf6b85136b47ab1a76df4a90ea4850871147494a",
        "type": "github"
      },
      "original": {
        "owner": "nix-community",
        "ref": "master",
        "repo": "home-manager",
        "type": "github"
      }
    },
    "nixpkgs": {
      "locked": {
        "lastModified": 1629292755,
        "narHash": "sha256-5xMo32NVLnloY9DveqwJO/Cab1+PbTMPqU4WMmawX5M=",
        "owner": "nixos",
        "repo": "nixpkgs",
        "rev": "253aecf69ed7595aaefabde779aa6449195bebb7",
        "type": "github"
      },
      "original": {
        "owner": "nixos",
        "ref": "nixpkgs-unstable",
        "repo": "nixpkgs",
        "type": "github"
      }
    },
    "root": {
      "inputs": {
        "code-stats-vim": "code-stats-vim",
        "home-manager": "home-manager",
        "nixpkgs": "nixpkgs",
        "secrets": "secrets"
      }
    },
    "secrets": {
      "flake": false,
      "locked": {
        "narHash": "sha256-p2Xn/PNQu6qLVzOU/syPcusmjj2WTJfoDDdJdkcR6cw=",
        "path": "./modules/secrets",
        "type": "path"
      },
      "original": {
        "path": "./modules/secrets",
        "type": "path"
      }
    }
  },
  "root": "root",
  "version": 7
}
