{
  "nodes": {
    "anyrun": {
      "inputs": {
        "flake-parts": "flake-parts",
        "nixpkgs": [
          "nixpkgs"
        ]
      },
      "locked": {
        "lastModified": 1701453400,
        "narHash": "sha256-hI9+KBShsSfvWX7bmRa/1VI20WGat3lDXmbceMZzMS4=",
        "owner": "Kirottu",
        "repo": "anyrun",
        "rev": "e14da6c37337ffa3ee1bc66965d58ef64c1590e5",
        "type": "github"
      },
      "original": {
        "owner": "Kirottu",
        "repo": "anyrun",
        "type": "github"
      }
    },
    "code-stats-vim": {
      "flake": false,
      "locked": {
        "lastModified": 1682732863,
        "narHash": "sha256-d77Elf1AlycN+0ndbVQa4qY0cWov/vuqwCT4/n+d2Dw=",
        "owner": "iliayar",
        "repo": "codestats.nvim",
        "rev": "c4ad96fa1407b11a72ee8e22fec2f4502674585a",
        "type": "gitlab"
      },
      "original": {
        "owner": "iliayar",
        "repo": "codestats.nvim",
        "type": "gitlab"
      }
    },
    "denv": {
      "inputs": {
        "flake-parts": "flake-parts_2",
        "nixpkgs": [
          "nixpkgs"
        ],
        "rust-overlay": "rust-overlay"
      },
      "locked": {
        "lastModified": 1703614299,
        "narHash": "sha256-teGqNkxz1B310KrJhV9RtB+NB+rcMBxeZ6IcsmtPgME=",
        "owner": "iliayar",
        "repo": "env.nix",
        "rev": "73058b1b29a67981cfd40349aa382f8a59bfc457",
        "type": "github"
      },
      "original": {
        "owner": "iliayar",
        "repo": "env.nix",
        "type": "github"
      }
    },
    "emacs-overlay": {
      "inputs": {
        "flake-utils": "flake-utils_2",
        "nixpkgs": [
          "nixpkgs"
        ],
        "nixpkgs-stable": "nixpkgs-stable"
      },
      "locked": {
        "lastModified": 1702399955,
        "narHash": "sha256-FnB5O1RVFzj3h7Ayf7UxFnOL1gsJuG6gn1LCTd9dKFs=",
        "owner": "nix-community",
        "repo": "emacs-overlay",
        "rev": "47798c4ab07d5f055bb2625010cf6d8e3f384923",
        "type": "github"
      },
      "original": {
        "owner": "nix-community",
        "repo": "emacs-overlay",
        "type": "github"
      }
    },
    "flake-parts": {
      "inputs": {
        "nixpkgs-lib": [
          "anyrun",
          "nixpkgs"
        ]
      },
      "locked": {
        "lastModified": 1696343447,
        "narHash": "sha256-B2xAZKLkkeRFG5XcHHSXXcP7To9Xzr59KXeZiRf4vdQ=",
        "owner": "hercules-ci",
        "repo": "flake-parts",
        "rev": "c9afaba3dfa4085dbd2ccb38dfade5141e33d9d4",
        "type": "github"
      },
      "original": {
        "owner": "hercules-ci",
        "repo": "flake-parts",
        "type": "github"
      }
    },
    "flake-parts_2": {
      "inputs": {
        "nixpkgs-lib": "nixpkgs-lib"
      },
      "locked": {
        "lastModified": 1696343447,
        "narHash": "sha256-B2xAZKLkkeRFG5XcHHSXXcP7To9Xzr59KXeZiRf4vdQ=",
        "owner": "hercules-ci",
        "repo": "flake-parts",
        "rev": "c9afaba3dfa4085dbd2ccb38dfade5141e33d9d4",
        "type": "github"
      },
      "original": {
        "id": "flake-parts",
        "type": "indirect"
      }
    },
    "flake-parts_3": {
      "inputs": {
        "nixpkgs-lib": "nixpkgs-lib_2"
      },
      "locked": {
        "lastModified": 1673362319,
        "narHash": "sha256-Pjp45Vnj7S/b3BRpZEVfdu8sqqA6nvVjvYu59okhOyI=",
        "owner": "hercules-ci",
        "repo": "flake-parts",
        "rev": "82c16f1682cf50c01cb0280b38a1eed202b3fe9f",
        "type": "github"
      },
      "original": {
        "owner": "hercules-ci",
        "repo": "flake-parts",
        "type": "github"
      }
    },
    "flake-utils": {
      "inputs": {
        "systems": "systems"
      },
      "locked": {
        "lastModified": 1681202837,
        "narHash": "sha256-H+Rh19JDwRtpVPAWp64F+rlEtxUWBAQW28eAi3SRSzg=",
        "owner": "numtide",
        "repo": "flake-utils",
        "rev": "cfacdce06f30d2b68473a46042957675eebb3401",
        "type": "github"
      },
      "original": {
        "owner": "numtide",
        "repo": "flake-utils",
        "type": "github"
      }
    },
    "flake-utils_2": {
      "inputs": {
        "systems": "systems_2"
      },
      "locked": {
        "lastModified": 1701680307,
        "narHash": "sha256-kAuep2h5ajznlPMD9rnQyffWG8EM/C73lejGofXvdM8=",
        "owner": "numtide",
        "repo": "flake-utils",
        "rev": "4022d587cbbfd70fe950c1e2083a02621806a725",
        "type": "github"
      },
      "original": {
        "owner": "numtide",
        "repo": "flake-utils",
        "type": "github"
      }
    },
    "flake-utils_3": {
      "inputs": {
        "systems": "systems_3"
      },
      "locked": {
        "lastModified": 1701680307,
        "narHash": "sha256-kAuep2h5ajznlPMD9rnQyffWG8EM/C73lejGofXvdM8=",
        "owner": "numtide",
        "repo": "flake-utils",
        "rev": "4022d587cbbfd70fe950c1e2083a02621806a725",
        "type": "github"
      },
      "original": {
        "owner": "numtide",
        "repo": "flake-utils",
        "type": "github"
      }
    },
    "flake-utils_4": {
      "inputs": {
        "systems": [
          "pyprland",
          "systems"
        ]
      },
      "locked": {
        "lastModified": 1689068808,
        "narHash": "sha256-6ixXo3wt24N/melDWjq70UuHQLxGV8jZvooRanIHXw0=",
        "owner": "numtide",
        "repo": "flake-utils",
        "rev": "919d646de7be200f3bf08cb76ae1f09402b6f9b4",
        "type": "github"
      },
      "original": {
        "owner": "numtide",
        "repo": "flake-utils",
        "type": "github"
      }
    },
    "flake-utils_5": {
      "locked": {
        "lastModified": 1659877975,
        "narHash": "sha256-zllb8aq3YO3h8B/U0/J1WBgAL8EX5yWf5pMj3G0NAmc=",
        "owner": "numtide",
        "repo": "flake-utils",
        "rev": "c0e246b9b83f637f4681389ecabcb2681b4f3af0",
        "type": "github"
      },
      "original": {
        "owner": "numtide",
        "repo": "flake-utils",
        "type": "github"
      }
    },
    "flake-utils_6": {
      "locked": {
        "lastModified": 1656928814,
        "narHash": "sha256-RIFfgBuKz6Hp89yRr7+NR5tzIAbn52h8vT6vXkYjZoM=",
        "owner": "numtide",
        "repo": "flake-utils",
        "rev": "7e2a3b3dfd9af950a856d66b0a7d01e3c18aa249",
        "type": "github"
      },
      "original": {
        "owner": "numtide",
        "repo": "flake-utils",
        "type": "github"
      }
    },
    "flake-utils_7": {
      "inputs": {
        "systems": "systems_6"
      },
      "locked": {
        "lastModified": 1681202837,
        "narHash": "sha256-H+Rh19JDwRtpVPAWp64F+rlEtxUWBAQW28eAi3SRSzg=",
        "owner": "numtide",
        "repo": "flake-utils",
        "rev": "cfacdce06f30d2b68473a46042957675eebb3401",
        "type": "github"
      },
      "original": {
        "owner": "numtide",
        "repo": "flake-utils",
        "type": "github"
      }
    },
    "flake-utils_8": {
      "inputs": {
        "systems": "systems_7"
      },
      "locked": {
        "lastModified": 1685518550,
        "narHash": "sha256-o2d0KcvaXzTrPRIo0kOLV0/QXHhDQ5DTi+OxcjO8xqY=",
        "owner": "numtide",
        "repo": "flake-utils",
        "rev": "a1720a10a6cfe8234c0e93907ffe81be440f4cef",
        "type": "github"
      },
      "original": {
        "owner": "numtide",
        "repo": "flake-utils",
        "type": "github"
      }
    },
    "flake-utils_9": {
      "inputs": {
        "systems": "systems_8"
      },
      "locked": {
        "lastModified": 1681202837,
        "narHash": "sha256-H+Rh19JDwRtpVPAWp64F+rlEtxUWBAQW28eAi3SRSzg=",
        "owner": "numtide",
        "repo": "flake-utils",
        "rev": "cfacdce06f30d2b68473a46042957675eebb3401",
        "type": "github"
      },
      "original": {
        "owner": "numtide",
        "repo": "flake-utils",
        "type": "github"
      }
    },
    "home-manager": {
      "inputs": {
        "nixpkgs": [
          "nixpkgs"
        ]
      },
      "locked": {
        "lastModified": 1703265279,
        "narHash": "sha256-5jVtOwyMH1FzclxHrsFWzBdB+VyjUUSu1wyZhZlR6WU=",
        "owner": "nix-community",
        "repo": "home-manager",
        "rev": "07c322a7cff03267fd881adae1afe63367c5d608",
        "type": "github"
      },
      "original": {
        "owner": "nix-community",
        "ref": "master",
        "repo": "home-manager",
        "type": "github"
      }
    },
    "hyprland": {
      "inputs": {
        "hyprland-protocols": "hyprland-protocols",
        "nixpkgs": [
          "nixpkgs"
        ],
        "systems": "systems_4",
        "wlroots": "wlroots",
        "xdph": "xdph"
      },
      "locked": {
        "lastModified": 1703271271,
        "narHash": "sha256-q6bb5S6l/fEIpO4QRmxACgNfVdTvWktEvKVKWtygzx8=",
        "owner": "hyprwm",
        "repo": "Hyprland",
        "rev": "c416880cf96aee783b6a00f356512e5d758e6056",
        "type": "github"
      },
      "original": {
        "owner": "hyprwm",
        "repo": "Hyprland",
        "type": "github"
      }
    },
    "hyprland-protocols": {
      "inputs": {
        "nixpkgs": [
          "hyprland",
          "nixpkgs"
        ],
        "systems": [
          "hyprland",
          "systems"
        ]
      },
      "locked": {
        "lastModified": 1691753796,
        "narHash": "sha256-zOEwiWoXk3j3+EoF3ySUJmberFewWlagvewDRuWYAso=",
        "owner": "hyprwm",
        "repo": "hyprland-protocols",
        "rev": "0c2ce70625cb30aef199cb388f99e19a61a6ce03",
        "type": "github"
      },
      "original": {
        "owner": "hyprwm",
        "repo": "hyprland-protocols",
        "type": "github"
      }
    },
    "libxft-bgra": {
      "flake": false,
      "locked": {
        "lastModified": 1596814605,
        "narHash": "sha256-uYRdIcIGHvyohbwMU+Vx2ajTFfhN9jcBNlq0jOcg394=",
        "owner": "uditkarode",
        "repo": "libxft-bgra",
        "rev": "072cd202c0f4f757b32deac531586bc0429c8401",
        "type": "github"
      },
      "original": {
        "owner": "uditkarode",
        "repo": "libxft-bgra",
        "type": "github"
      }
    },
    "nix-github-actions": {
      "inputs": {
        "nixpkgs": [
          "pyprland",
          "poetry2nix",
          "nixpkgs"
        ]
      },
      "locked": {
        "lastModified": 1698974481,
        "narHash": "sha256-yPncV9Ohdz1zPZxYHQf47S8S0VrnhV7nNhCawY46hDA=",
        "owner": "nix-community",
        "repo": "nix-github-actions",
        "rev": "4bb5e752616262457bc7ca5882192a564c0472d2",
        "type": "github"
      },
      "original": {
        "owner": "nix-community",
        "repo": "nix-github-actions",
        "type": "github"
      }
    },
    "nixpkgs": {
      "locked": {
        "lastModified": 1703013332,
        "narHash": "sha256-+tFNwMvlXLbJZXiMHqYq77z/RfmpfpiI3yjL6o/Zo9M=",
        "owner": "nixos",
        "repo": "nixpkgs",
        "rev": "54aac082a4d9bb5bbc5c4e899603abfb76a3f6d6",
        "type": "github"
      },
      "original": {
        "owner": "nixos",
        "ref": "nixos-unstable",
        "repo": "nixpkgs",
        "type": "github"
      }
    },
    "nixpkgs-lib": {
      "locked": {
        "dir": "lib",
        "lastModified": 1696019113,
        "narHash": "sha256-X3+DKYWJm93DRSdC5M6K5hLqzSya9BjibtBsuARoPco=",
        "owner": "NixOS",
        "repo": "nixpkgs",
        "rev": "f5892ddac112a1e9b3612c39af1b72987ee5783a",
        "type": "github"
      },
      "original": {
        "dir": "lib",
        "owner": "NixOS",
        "ref": "nixos-unstable",
        "repo": "nixpkgs",
        "type": "github"
      }
    },
    "nixpkgs-lib_2": {
      "locked": {
        "dir": "lib",
        "lastModified": 1672350804,
        "narHash": "sha256-jo6zkiCabUBn3ObuKXHGqqORUMH27gYDIFFfLq5P4wg=",
        "owner": "NixOS",
        "repo": "nixpkgs",
        "rev": "677ed08a50931e38382dbef01cba08a8f7eac8f6",
        "type": "github"
      },
      "original": {
        "dir": "lib",
        "owner": "NixOS",
        "ref": "nixos-unstable",
        "repo": "nixpkgs",
        "type": "github"
      }
    },
    "nixpkgs-stable": {
      "locked": {
        "lastModified": 1702221085,
        "narHash": "sha256-Br3GCSkkvkmw46cT6wCz6ro2H1WgDMWbKE0qctbdtL0=",
        "owner": "NixOS",
        "repo": "nixpkgs",
        "rev": "c2786e7084cbad90b4f9472d5b5e35ecb57958af",
        "type": "github"
      },
      "original": {
        "owner": "NixOS",
        "ref": "nixos-23.05",
        "repo": "nixpkgs",
        "type": "github"
      }
    },
    "nixpkgs_2": {
      "locked": {
        "lastModified": 1629822842,
        "narHash": "sha256-lplL4EKnl5EIhaHFNbk7IfTiFEEn1boRwf75y5ny4Ho=",
        "owner": "NixOS",
        "repo": "nixpkgs",
        "rev": "ba2e930fcb51c58d8f7c2344817b458ac074fdf2",
        "type": "github"
      },
      "original": {
        "id": "nixpkgs",
        "type": "indirect"
      }
    },
    "nur": {
      "locked": {
        "lastModified": 1703274336,
        "narHash": "sha256-1WshKO8MKumqSioWVRMU91+W7nQQfvvMD+iTSNz1QeE=",
        "owner": "nix-community",
        "repo": "NUR",
        "rev": "3eccbee91a8bf34eb1acc9a582054cc50581fec9",
        "type": "github"
      },
      "original": {
        "owner": "nix-community",
        "repo": "NUR",
        "type": "github"
      }
    },
    "nwg-displays": {
      "inputs": {
        "flake-parts": "flake-parts_3",
        "nixpkgs": [
          "nixpkgs"
        ]
      },
      "locked": {
        "lastModified": 1702213136,
        "narHash": "sha256-clL34Ewzf0sJEWiye4L4e1RrPFIHkmotLpPaibGvVY4=",
        "owner": "nwg-piotr",
        "repo": "nwg-displays",
        "rev": "9e4d94107f1b2aa4bb040ac1779559e869cf3ad2",
        "type": "github"
      },
      "original": {
        "owner": "nwg-piotr",
        "repo": "nwg-displays",
        "type": "github"
      }
    },
    "obsidian-nvim": {
      "flake": false,
      "locked": {
        "lastModified": 1703107752,
        "narHash": "sha256-qV2gfNU7Du0JsM3CwaoW/w+JZ5N4JCGfEGr/tC3TVwM=",
        "owner": "epwalsh",
        "repo": "obsidian.nvim",
        "rev": "430bee736fc48170362f38ba1217596d241abdaa",
        "type": "github"
      },
      "original": {
        "owner": "epwalsh",
        "repo": "obsidian.nvim",
        "type": "github"
      }
    },
    "org-roam-ui": {
      "flake": false,
      "locked": {
        "lastModified": 1667644845,
        "narHash": "sha256-dCoEQRi86eMerkMQPy3Ow/Kj9kzHxXRSrDk4cl8uLHo=",
        "owner": "org-roam",
        "repo": "org-roam-ui",
        "rev": "5ac74960231db0bf7783c2ba7a19a60f582e91ab",
        "type": "github"
      },
      "original": {
        "owner": "org-roam",
        "repo": "org-roam-ui",
        "type": "github"
      }
    },
    "picom-jonaburg": {
      "flake": false,
      "locked": {
        "lastModified": 1647679735,
        "narHash": "sha256-4voCAYd0fzJHQjJo4x3RoWz5l3JJbRvgIXn1Kg6nz6Y=",
        "owner": "jonaburg",
        "repo": "picom",
        "rev": "e3c19cd7d1108d114552267f302548c113278d45",
        "type": "github"
      },
      "original": {
        "owner": "jonaburg",
        "repo": "picom",
        "type": "github"
      }
    },
    "poetry2nix": {
      "inputs": {
        "flake-utils": [
          "pyprland",
          "flake-utils"
        ],
        "nix-github-actions": "nix-github-actions",
        "nixpkgs": [
          "pyprland",
          "nixpkgs"
        ],
        "systems": [
          "pyprland",
          "systems"
        ],
        "treefmt-nix": "treefmt-nix"
      },
      "locked": {
        "lastModified": 1700037952,
        "narHash": "sha256-MzL7bcRscLNU4LMvKk5pmWeP63BMcR8HDxGyTb4W/Q4=",
        "owner": "nix-community",
        "repo": "poetry2nix",
        "rev": "60b5f2afd4c196fcc3082ecba26d533205d35d8e",
        "type": "github"
      },
      "original": {
        "owner": "nix-community",
        "repo": "poetry2nix",
        "type": "github"
      }
    },
    "pyprland": {
      "inputs": {
        "flake-utils": "flake-utils_4",
        "nixpkgs": [
          "nixpkgs"
        ],
        "poetry2nix": "poetry2nix",
        "systems": "systems_5"
      },
      "locked": {
        "lastModified": 1702568643,
        "narHash": "sha256-6rsHtS2QAw+xw5yXHMpMDKtoeGFz3q0Nh32uwTnAYZw=",
        "owner": "hyprland-community",
        "repo": "pyprland",
        "rev": "0a7de317282926cc60423a65337a11215bc2c350",
        "type": "github"
      },
      "original": {
        "owner": "hyprland-community",
        "repo": "pyprland",
        "type": "github"
      }
    },
    "root": {
      "inputs": {
        "anyrun": "anyrun",
        "code-stats-vim": "code-stats-vim",
        "denv": "denv",
        "emacs-overlay": "emacs-overlay",
        "flake-utils": "flake-utils_3",
        "home-manager": "home-manager",
        "hyprland": "hyprland",
        "libxft-bgra": "libxft-bgra",
        "nixpkgs": "nixpkgs",
        "nur": "nur",
        "nwg-displays": "nwg-displays",
        "obsidian-nvim": "obsidian-nvim",
        "org-roam-ui": "org-roam-ui",
        "picom-jonaburg": "picom-jonaburg",
        "pyprland": "pyprland",
        "rust-blocks": "rust-blocks",
        "rust-overlay": "rust-overlay_3",
        "secrets": "secrets",
        "tlpui-src": "tlpui-src",
        "uci": "uci",
        "wakatime-cli": "wakatime-cli",
        "wezterm-newest": "wezterm-newest",
        "zsh-wakatime": "zsh-wakatime"
      }
    },
    "rust-blocks": {
      "inputs": {
        "flake-utils": "flake-utils_5",
        "nixpkgs": [
          "nixpkgs"
        ],
        "rust-overlay": "rust-overlay_2"
      },
      "locked": {
        "lastModified": 1686009448,
        "narHash": "sha256-0WQ+hT0k0xa0txE0TdjyfwR2k5yzRxAv1XBnXRdFaLI=",
        "owner": "iliayar",
        "repo": "rust-blocks",
        "rev": "0689ca001cbe6145234f3333e4f556fd4cc1280f",
        "type": "github"
      },
      "original": {
        "owner": "iliayar",
        "repo": "rust-blocks",
        "type": "github"
      }
    },
    "rust-overlay": {
      "inputs": {
        "flake-utils": "flake-utils",
        "nixpkgs": [
          "denv",
          "nixpkgs"
        ]
      },
      "locked": {
        "lastModified": 1699236891,
        "narHash": "sha256-J0uhoYlufJncIFbM/pAoggzHK/qERB9KfQRkmYD56yo=",
        "owner": "oxalica",
        "repo": "rust-overlay",
        "rev": "a7f9bf91dc5065d470cd57169a9f2ebdbdfe1f24",
        "type": "github"
      },
      "original": {
        "owner": "oxalica",
        "repo": "rust-overlay",
        "type": "github"
      }
    },
    "rust-overlay_2": {
      "inputs": {
        "flake-utils": "flake-utils_6",
        "nixpkgs": [
          "rust-blocks",
          "nixpkgs"
        ]
      },
      "locked": {
        "lastModified": 1661050260,
        "narHash": "sha256-X9HZAEcIeTA3eAlKrAqMBAddkssZNgSa5fBg1CbwLLk=",
        "owner": "oxalica",
        "repo": "rust-overlay",
        "rev": "c73b7bd9e921e126311ffe14929498585cef9243",
        "type": "github"
      },
      "original": {
        "owner": "oxalica",
        "repo": "rust-overlay",
        "type": "github"
      }
    },
    "rust-overlay_3": {
      "inputs": {
        "flake-utils": "flake-utils_7",
        "nixpkgs": [
          "nixpkgs"
        ]
      },
      "locked": {
        "lastModified": 1703211258,
        "narHash": "sha256-ye9HcJ9WH/QCq6R4GC3FvLnIDpa2Kje4nXya9j/mhA4=",
        "owner": "oxalica",
        "repo": "rust-overlay",
        "rev": "b8c487832712f4e3e6f9e81b70e6654eb907abfc",
        "type": "github"
      },
      "original": {
        "owner": "oxalica",
        "repo": "rust-overlay",
        "type": "github"
      }
    },
    "rust-overlay_4": {
      "inputs": {
        "flake-utils": "flake-utils_9",
        "nixpkgs": [
          "uci",
          "nixpkgs"
        ]
      },
      "locked": {
        "lastModified": 1685932304,
        "narHash": "sha256-HUrE7Al6Rp9GeOjUycXz25TYhXXf1vtZLf/FFPVFRNw=",
        "owner": "oxalica",
        "repo": "rust-overlay",
        "rev": "08b06ab2046bce2c3b5f53ec599a6550ab9a9485",
        "type": "github"
      },
      "original": {
        "owner": "oxalica",
        "repo": "rust-overlay",
        "type": "github"
      }
    },
    "secrets": {
      "inputs": {
        "nixpkgs": "nixpkgs_2"
      },
      "locked": {
        "lastModified": 1679567791,
        "narHash": "sha256-A5vq5LrGHVx12S9t/6z5IX8NVG2NZPHA8M4/iHop2O0=",
        "ref": "refs/heads/master",
        "rev": "a4e76bd9ea6a90a97983c289014e807c3ae9220b",
        "revCount": 9,
        "type": "git",
        "url": "ssh://git@github.com/iliayar/dotfiles-secrets.git"
      },
      "original": {
        "type": "git",
        "url": "ssh://git@github.com/iliayar/dotfiles-secrets.git"
      }
    },
    "systems": {
      "locked": {
        "lastModified": 1681028828,
        "narHash": "sha256-Vy1rq5AaRuLzOxct8nz4T6wlgyUR7zLU309k9mBC768=",
        "owner": "nix-systems",
        "repo": "default",
        "rev": "da67096a3b9bf56a91d16901293e51ba5b49a27e",
        "type": "github"
      },
      "original": {
        "owner": "nix-systems",
        "repo": "default",
        "type": "github"
      }
    },
    "systems_2": {
      "locked": {
        "lastModified": 1681028828,
        "narHash": "sha256-Vy1rq5AaRuLzOxct8nz4T6wlgyUR7zLU309k9mBC768=",
        "owner": "nix-systems",
        "repo": "default",
        "rev": "da67096a3b9bf56a91d16901293e51ba5b49a27e",
        "type": "github"
      },
      "original": {
        "owner": "nix-systems",
        "repo": "default",
        "type": "github"
      }
    },
    "systems_3": {
      "locked": {
        "lastModified": 1681028828,
        "narHash": "sha256-Vy1rq5AaRuLzOxct8nz4T6wlgyUR7zLU309k9mBC768=",
        "owner": "nix-systems",
        "repo": "default",
        "rev": "da67096a3b9bf56a91d16901293e51ba5b49a27e",
        "type": "github"
      },
      "original": {
        "owner": "nix-systems",
        "repo": "default",
        "type": "github"
      }
    },
    "systems_4": {
      "locked": {
        "lastModified": 1689347949,
        "narHash": "sha256-12tWmuL2zgBgZkdoB6qXZsgJEH9LR3oUgpaQq2RbI80=",
        "owner": "nix-systems",
        "repo": "default-linux",
        "rev": "31732fcf5e8fea42e59c2488ad31a0e651500f68",
        "type": "github"
      },
      "original": {
        "owner": "nix-systems",
        "repo": "default-linux",
        "type": "github"
      }
    },
    "systems_5": {
      "locked": {
        "lastModified": 1681028828,
        "narHash": "sha256-Vy1rq5AaRuLzOxct8nz4T6wlgyUR7zLU309k9mBC768=",
        "owner": "nix-systems",
        "repo": "default",
        "rev": "da67096a3b9bf56a91d16901293e51ba5b49a27e",
        "type": "github"
      },
      "original": {
        "owner": "nix-systems",
        "repo": "default",
        "type": "github"
      }
    },
    "systems_6": {
      "locked": {
        "lastModified": 1681028828,
        "narHash": "sha256-Vy1rq5AaRuLzOxct8nz4T6wlgyUR7zLU309k9mBC768=",
        "owner": "nix-systems",
        "repo": "default",
        "rev": "da67096a3b9bf56a91d16901293e51ba5b49a27e",
        "type": "github"
      },
      "original": {
        "owner": "nix-systems",
        "repo": "default",
        "type": "github"
      }
    },
    "systems_7": {
      "locked": {
        "lastModified": 1681028828,
        "narHash": "sha256-Vy1rq5AaRuLzOxct8nz4T6wlgyUR7zLU309k9mBC768=",
        "owner": "nix-systems",
        "repo": "default",
        "rev": "da67096a3b9bf56a91d16901293e51ba5b49a27e",
        "type": "github"
      },
      "original": {
        "owner": "nix-systems",
        "repo": "default",
        "type": "github"
      }
    },
    "systems_8": {
      "locked": {
        "lastModified": 1681028828,
        "narHash": "sha256-Vy1rq5AaRuLzOxct8nz4T6wlgyUR7zLU309k9mBC768=",
        "owner": "nix-systems",
        "repo": "default",
        "rev": "da67096a3b9bf56a91d16901293e51ba5b49a27e",
        "type": "github"
      },
      "original": {
        "owner": "nix-systems",
        "repo": "default",
        "type": "github"
      }
    },
    "tlpui-src": {
      "flake": false,
      "locked": {
        "lastModified": 1699388375,
        "narHash": "sha256-yWr3Mbadrha7kejm9shc0EXw65AaIuPj+4mvEpHDtWU=",
        "owner": "d4nj1",
        "repo": "TLPUI",
        "rev": "9219dd0d306e531b969ac97e48d2811193779bbc",
        "type": "github"
      },
      "original": {
        "owner": "d4nj1",
        "repo": "TLPUI",
        "type": "github"
      }
    },
    "treefmt-nix": {
      "inputs": {
        "nixpkgs": [
          "pyprland",
          "poetry2nix",
          "nixpkgs"
        ]
      },
      "locked": {
        "lastModified": 1699786194,
        "narHash": "sha256-3h3EH1FXQkIeAuzaWB+nK0XK54uSD46pp+dMD3gAcB4=",
        "owner": "numtide",
        "repo": "treefmt-nix",
        "rev": "e82f32aa7f06bbbd56d7b12186d555223dc399d1",
        "type": "github"
      },
      "original": {
        "owner": "numtide",
        "repo": "treefmt-nix",
        "type": "github"
      }
    },
    "uci": {
      "inputs": {
        "flake-utils": "flake-utils_8",
        "nixpkgs": [
          "nixpkgs"
        ],
        "rust-overlay": "rust-overlay_4"
      },
      "locked": {
        "lastModified": 1699062058,
        "narHash": "sha256-7O7bQo6mEGgcwzerGq+qroAfe6qFCDMrFg7EGimFZMU=",
        "ref": "refs/heads/master",
        "rev": "e48646629b530049f5246801a414d86c02b0d67d",
        "revCount": 185,
        "type": "git",
        "url": "ssh://git@github.com/iliayar/uci.git"
      },
      "original": {
        "type": "git",
        "url": "ssh://git@github.com/iliayar/uci.git"
      }
    },
    "wakatime-cli": {
      "flake": false,
      "locked": {
        "lastModified": 1702929127,
        "narHash": "sha256-l5nJFmqA4UtXArBZmr2PEApUvcVbg5UHvfqAne+xaj4=",
        "owner": "wakatime",
        "repo": "wakatime-cli",
        "rev": "40b7f4e3fb38171981b4eec38672cedfdab22eb9",
        "type": "github"
      },
      "original": {
        "owner": "wakatime",
        "repo": "wakatime-cli",
        "type": "github"
      }
    },
    "wezterm-newest": {
      "flake": false,
      "locked": {
        "lastModified": 1703220386,
        "narHash": "sha256-Sx5NtapMe+CtSlW9mfxUHhzF+n9tV2j/St6pku26Rj0=",
        "ref": "refs/heads/main",
        "rev": "84ae00c868e711cf97b2bfe885892428f1131a1d",
        "revCount": 7542,
        "submodules": true,
        "type": "git",
        "url": "https://github.com/wez/wezterm.git"
      },
      "original": {
        "submodules": true,
        "type": "git",
        "url": "https://github.com/wez/wezterm.git"
      }
    },
    "wlroots": {
      "flake": false,
      "locked": {
        "host": "gitlab.freedesktop.org",
        "lastModified": 1701368958,
        "narHash": "sha256-7kvyoA91etzVEl9mkA/EJfB6z/PltxX7Xc4gcr7/xlo=",
        "owner": "wlroots",
        "repo": "wlroots",
        "rev": "5d639394f3e83b01596dcd166a44a9a1a2583350",
        "type": "gitlab"
      },
      "original": {
        "host": "gitlab.freedesktop.org",
        "owner": "wlroots",
        "repo": "wlroots",
        "rev": "5d639394f3e83b01596dcd166a44a9a1a2583350",
        "type": "gitlab"
      }
    },
    "xdph": {
      "inputs": {
        "hyprland-protocols": [
          "hyprland",
          "hyprland-protocols"
        ],
        "nixpkgs": [
          "hyprland",
          "nixpkgs"
        ],
        "systems": [
          "hyprland",
          "systems"
        ]
      },
      "locked": {
        "lastModified": 1702334919,
        "narHash": "sha256-ibOZ3TLjqndGMcj2f+07NFwDWoum4IbzF58byZuJJNg=",
        "owner": "hyprwm",
        "repo": "xdg-desktop-portal-hyprland",
        "rev": "f5c3576c3b6cb1c31a8dfa3e4113f59bfe40cd71",
        "type": "github"
      },
      "original": {
        "owner": "hyprwm",
        "repo": "xdg-desktop-portal-hyprland",
        "type": "github"
      }
    },
    "zsh-wakatime": {
      "flake": false,
      "locked": {
        "lastModified": 1702013308,
        "narHash": "sha256-QN/MUDm+hVJUMA4PDqs0zn9XC2wQZrgQr4zmCF0Vruk=",
        "owner": "wbingli",
        "repo": "zsh-wakatime",
        "rev": "e0d1dfcaaab11112344e14b826f3136edac4eccc",
        "type": "github"
      },
      "original": {
        "owner": "wbingli",
        "repo": "zsh-wakatime",
        "type": "github"
      }
    }
  },
  "root": "root",
  "version": 7
}
